{"format_version":"1.0","provider_schemas":{"registry.terraform.io/philips-labs/unleash":{"provider":{"version":0,"block":{"attributes":{"api_url":{"type":"string","description":"URL of the unleash API","description_kind":"markdown","required":true},"auth_token":{"type":"string","description":"Authentication token to authenticate to the Unleash API","description_kind":"markdown","required":true,"sensitive":true}},"description_kind":"plain"}},"resource_schemas":{"unleash_api_token":{"version":0,"block":{"attributes":{"created_at":{"type":"string","description":"The API token creation date.","description_kind":"markdown","optional":true,"computed":true},"environment":{"type":"string","description":"The environment the token will have access to. Use `\"*\"` for all environments. By default, it will have access to all environments.","description_kind":"markdown","optional":true},"expires_at":{"type":"string","description":"The API token expiration date.","description_kind":"markdown","optional":true},"id":{"type":"string","description_kind":"plain","optional":true,"computed":true},"projects":{"type":["set","string"],"description":"The project(s) the token will have access to. Use `[\"*\"]` for all projects. By default, it will have access to all projects.","description_kind":"markdown","optional":true},"secret":{"type":"string","description":"The API token secret.","description_kind":"markdown","optional":true,"computed":true,"sensitive":true},"type":{"type":"string","description":"The type of the API token. Can be `client`, `admin` or `frontend`","description_kind":"markdown","required":true},"username":{"type":"string","description_kind":"plain","required":true}},"description":"Provides a resource for managing unleash api tokens.","description_kind":"markdown"}},"unleash_feature":{"version":0,"block":{"attributes":{"archive_on_destroy":{"type":"bool","description":"Whether to archive the feature toggle on destroy. Default is `true`. When `false`, it will permanently delete the feature toggle.","description_kind":"markdown","optional":true},"description":{"type":"string","description":"Feature description","description_kind":"markdown","optional":true},"id":{"type":"string","description_kind":"plain","optional":true,"computed":true},"name":{"type":"string","description":"Feature name","description_kind":"markdown","required":true},"project_id":{"type":"string","description":"The feature will be created in the given project","description_kind":"markdown","required":true},"type":{"type":"string","description":"Feature type","description_kind":"markdown","required":true}},"block_types":{"variant":{"nesting_mode":"list","block":{"attributes":{"name":{"type":"string","description":"Variant name","description_kind":"markdown","required":true},"stickiness":{"type":"string","description":"Variant stickiness. Default is `default`.","description_kind":"markdown","optional":true},"weight":{"type":"number","description":"Variant weight. Only considered when the `weight_type` is `fix`. It is calculated automatically if the `weight_type` is `variable`.","description_kind":"markdown","optional":true,"computed":true},"weight_type":{"type":"string","description":"Variant weight type. The weight type can be `fix` or `variable`. Default is `variable`.","description_kind":"markdown","optional":true}},"block_types":{"overrides":{"nesting_mode":"set","block":{"attributes":{"context_name":{"type":"string","description_kind":"plain","required":true},"values":{"type":["list","string"],"description_kind":"plain","required":true}},"description":"Overrides existing context field values. Values are comma separated e.g `v1, v2, ...`)","description_kind":"markdown"}},"payload":{"nesting_mode":"set","block":{"attributes":{"type":{"type":"string","description_kind":"plain","required":true},"value":{"type":"string","description_kind":"plain","required":true}},"description":"Variant payload. The type of the payload can be `string`, `json` or `csv`","description_kind":"markdown"},"max_items":1}},"description":"Feature variant","description_kind":"markdown"}}},"description":"Provides a resource for managing unleash features.","description_kind":"markdown"}},"unleash_feature_enabling":{"version":0,"block":{"attributes":{"enabled":{"type":"bool","description":"Whether the feature is on/off in the provided environment. Default is `true` (on).","description_kind":"markdown","optional":true},"environment":{"type":"string","description":"The environment where the toggle will be enabled","description_kind":"markdown","required":true},"feature_name":{"type":"string","description":"Feature name to enabled","description_kind":"markdown","required":true},"id":{"type":"string","description_kind":"plain","optional":true,"computed":true},"project_id":{"type":"string","description":"The unleash project the feature is in","description_kind":"markdown","required":true}},"description":"Provides a resource for enabling a feature toggle in the given environment. This can be only done after the feature toggle has at least one strategy.","description_kind":"markdown"}},"unleash_feature_v2":{"version":0,"block":{"attributes":{"archive_on_destroy":{"type":"bool","description":"Whether to archive the feature toggle on destroy. Default is `true`. When `false`, it will permanently delete the feature toggle.","description_kind":"markdown","optional":true},"description":{"type":"string","description":"Feature description","description_kind":"markdown","optional":true},"id":{"type":"string","description_kind":"plain","optional":true,"computed":true},"name":{"type":"string","description":"Feature name","description_kind":"markdown","required":true},"project_id":{"type":"string","description":"The feature will be created in the given project","description_kind":"markdown","required":true},"type":{"type":"string","description":"Feature type","description_kind":"markdown","required":true}},"block_types":{"environment":{"nesting_mode":"list","block":{"attributes":{"enabled":{"type":"bool","description":"Whether the feature is on/off in the environment. Default is `true` (on)","description_kind":"markdown","optional":true},"name":{"type":"string","description":"Environment name","description_kind":"markdown","required":true}},"block_types":{"strategy":{"nesting_mode":"list","block":{"attributes":{"id":{"type":"string","description":"Strategy ID","description_kind":"markdown","computed":true},"name":{"type":"string","description":"Strategy unique name","description_kind":"markdown","required":true},"parameters":{"type":["map","string"],"description":"Strategy parameters. All the values need to informed as strings.","description_kind":"markdown","optional":true}},"block_types":{"constraint":{"nesting_mode":"list","block":{"attributes":{"case_insensitive":{"type":"bool","description":"If operator is case-insensitive.","description_kind":"markdown","optional":true},"context_name":{"type":"string","description":"Constraint context. Can be `appName`, `currentTime`, `environment`, `sessionId` or `userId`","description_kind":"markdown","required":true},"inverted":{"type":"bool","description":"If constraint expressions will be negated, meaning that they get their opposite value.","description_kind":"markdown","optional":true},"operator":{"type":"string","description":"Constraint operator. Can be `IN`, `NOT_IN`, `STR_CONTAINS`, `STR_STARTS_WITH`, `STR_ENDS_WITH`, `NUM_EQ`, `NUM_GT`, `NUM_GTE`, `NUM_LT`, `NUM_LTE`, `SEMVER_EQ`, `SEMVER_GT` or `SEMVER_LT`","description_kind":"markdown","required":true},"value":{"type":"string","description":"Value to use in the evaluation of the constraint. Applies only to `DATE_`, `NUM_` and `SEMVER_` operators.","description_kind":"markdown","optional":true},"values":{"type":["list","string"],"description":"List of values to use in the evaluation of the constraint. Applies to all operators, except `DATE_`, `NUM_` and `SEMVER_`.","description_kind":"markdown","optional":true}},"description":"Strategy constraint","description_kind":"markdown"}}},"description":"Strategy to add in the environment","description_kind":"markdown"}}},"description":"Use this to enable a feature in an environment and add strategies","description_kind":"markdown"}},"tag":{"nesting_mode":"list","block":{"attributes":{"type":{"type":"string","description":"Tag type. Default is `simple`.","description_kind":"markdown","optional":true},"value":{"type":"string","description":"Tag value.","description_kind":"markdown","required":true}},"description":"Tag to add to the feature","description_kind":"markdown"}},"variant":{"nesting_mode":"list","block":{"attributes":{"name":{"type":"string","description":"Variant name","description_kind":"markdown","required":true},"stickiness":{"type":"string","description":"Variant stickiness. Default is `default`.","description_kind":"markdown","optional":true},"weight":{"type":"number","description":"Variant weight. Only considered when the `weight_type` is `fix`. It is calculated automatically if the `weight_type` is `variable`.","description_kind":"markdown","optional":true,"computed":true},"weight_type":{"type":"string","description":"Variant weight type. The weight type can be `fix` or `variable`. Default is `variable`.","description_kind":"markdown","optional":true}},"block_types":{"overrides":{"nesting_mode":"set","block":{"attributes":{"context_name":{"type":"string","description_kind":"plain","required":true},"values":{"type":["list","string"],"description_kind":"plain","required":true}},"description":"Overrides existing context field values. Values are comma separated e.g `v1, v2, ...`)","description_kind":"markdown"}},"payload":{"nesting_mode":"set","block":{"attributes":{"type":{"type":"string","description_kind":"plain","required":true},"value":{"type":"string","description_kind":"plain","required":true}},"description":"Variant payload. The type of the payload can be `string`, `json` or `csv`","description_kind":"markdown"},"max_items":1}},"description":"Feature variant","description_kind":"markdown"}}},"description":"(Experimental) Provides a resource for managing unleash features with variants and environment strategies all in a single resource.","description_kind":"markdown"}},"unleash_strategy_assignment":{"version":0,"block":{"attributes":{"environment":{"type":"string","description":"The environment where the strategy will take place","description_kind":"markdown","required":true},"feature_name":{"type":"string","description":"Feature name to assign the strategy to","description_kind":"markdown","required":true},"id":{"type":"string","description_kind":"plain","optional":true,"computed":true},"parameters":{"type":["map","string"],"description":"Strategy parameters. All the values need to informed as strings.","description_kind":"markdown","optional":true},"project_id":{"type":"string","description":"The unleash project the feature is in","description_kind":"markdown","required":true},"strategy_id":{"type":"string","description":"Strategy id","description_kind":"markdown","computed":true},"strategy_name":{"type":"string","description":"Strategy unique name","description_kind":"markdown","required":true}},"description":"Provides a resource for add strategy to a feature toggle in the given environment.","description_kind":"markdown"}},"unleash_user":{"version":0,"block":{"attributes":{"email":{"type":"string","description":"The user's email address.","description_kind":"markdown","required":true},"email_sent":{"type":"bool","description":"Whether the welcome email was successfully sent to the user.","description_kind":"markdown","computed":true},"id":{"type":"string","description_kind":"plain","optional":true,"computed":true},"invite_link":{"type":"string","description":"The link for the login link.","description_kind":"markdown","computed":true},"name":{"type":"string","description":"The user's name.","description_kind":"markdown","required":true},"root_role":{"type":"string","description":"The role to assign to the user. Can be `Admin`, `Editor` or `Viewer`","description_kind":"markdown","required":true},"send_email":{"type":"bool","description":"Whether to send a welcome email with a login link to the user or not. Defaults to `true`.","description_kind":"markdown","optional":true},"username":{"type":"string","description":"The user's username.","description_kind":"markdown","required":true}},"description":"Provides a resource for managing unleash users.","description_kind":"markdown"}}},"data_source_schemas":{"unleash_api_token":{"version":0,"block":{"attributes":{"id":{"type":"string","description_kind":"plain","optional":true,"computed":true},"projects":{"type":["set","string"],"description":"Filter token by project(s).","description_kind":"markdown","optional":true},"token":{"type":["list",["object",{"created_at":"string","environment":"string","expires_at":"string","projects":["set","string"],"secret":"string","type":"string","username":"string"}]],"description":"API token","description_kind":"markdown","computed":true},"username":{"type":"string","description":"Filter token by username.","description_kind":"markdown","required":true}},"description":"Retrieves a single api token based on provided filters. It raises an error if more than one token is returned.","description_kind":"markdown"}},"unleash_api_tokens":{"version":0,"block":{"attributes":{"id":{"type":"string","description_kind":"plain","optional":true,"computed":true},"projects":{"type":["set","string"],"description":"Filter tokens by project(s).","description_kind":"markdown","optional":true},"tokens":{"type":["list",["object",{"created_at":"string","environment":"string","expires_at":"string","projects":["set","string"],"secret":"string","type":"string","username":"string"}]],"description":"List of api tokens.","description_kind":"markdown","computed":true},"username":{"type":"string","description":"Filter tokens by username.","description_kind":"markdown","optional":true}},"description":"Retrieves existing api tokens. Filters are optional.","description_kind":"markdown"}},"unleash_feature":{"version":0,"block":{"attributes":{"archived":{"type":"bool","description":"Wether the feature toggle is archived or not","description_kind":"markdown","computed":true},"created_at":{"type":"string","description":"The date the feature toggle was created","description_kind":"markdown","computed":true},"description":{"type":"string","description":"The description of the feature toggle","description_kind":"markdown","computed":true},"environments":{"type":["list",["object",{"enabled":"bool","name":"string"}]],"description":"The environments of the feature toggle","description_kind":"markdown","computed":true},"id":{"type":"string","description_kind":"plain","optional":true,"computed":true},"name":{"type":"string","description":"Feature name","description_kind":"markdown","required":true},"project_id":{"type":"string","description":"The project id of the feature toggle","description_kind":"markdown","required":true},"stale":{"type":"bool","description":"Wether the feature toggle is stale or not","description_kind":"markdown","computed":true},"type":{"type":"string","description":"The type of the feature toggle","description_kind":"markdown","computed":true}},"description":"Retrieve details of an existing feature","description_kind":"markdown"}},"unleash_feature_type":{"version":0,"block":{"attributes":{"description":{"type":"string","description":"The description of the feature type","description_kind":"markdown","computed":true},"id":{"type":"string","description_kind":"plain","optional":true,"computed":true},"lifetime_days":{"type":"number","description":"The lifetime of the feature type in days","description_kind":"markdown","computed":true},"name":{"type":"string","description":"Feature type name","description_kind":"markdown","computed":true},"type_id":{"type":"string","description":"The id of the feature type","description_kind":"markdown","required":true}},"description":"Retrieve details of an existing feature type","description_kind":"markdown"}},"unleash_project":{"version":0,"block":{"attributes":{"description":{"type":"string","description":"The description of the unleash project","description_kind":"markdown","computed":true},"environments":{"type":["list",["object",{"environment":"string"}]],"description":"The list of unleash environments in this project","description_kind":"markdown","computed":true},"id":{"type":"string","description_kind":"plain","optional":true,"computed":true},"name":{"type":"string","description":"Project name","description_kind":"markdown","computed":true},"project_id":{"type":"string","description":"The project id of the unleash project","description_kind":"markdown","required":true},"updated_at":{"type":"string","description":"The date the unleash project was last updated","description_kind":"markdown","computed":true}},"description":"Retrieve details of an existing unleash project","description_kind":"markdown"}},"unleash_user":{"version":0,"block":{"attributes":{"created_at":{"type":"string","description":"The date of creation of the user.","description_kind":"markdown","computed":true},"email":{"type":"string","description":"The user's email address.","description_kind":"markdown","computed":true},"id":{"type":"number","description":"Id used to search the user.","description_kind":"markdown","required":true},"image_url":{"type":"string","description":"The user's image URL.","description_kind":"markdown","computed":true},"name":{"type":"string","description":"The user's name.","description_kind":"markdown","computed":true},"root_role":{"type":"string","description":"The user's role.","description_kind":"markdown","computed":true},"username":{"type":"string","description":"The user's username.","description_kind":"markdown","computed":true}},"description":"Retrieve details of an existing user","description_kind":"markdown"}},"unleash_users":{"version":0,"block":{"attributes":{"id":{"type":"string","description_kind":"plain","optional":true,"computed":true},"query":{"type":"string","description":"Query used to search the user. It searches by `email`, `username` and `name` fields of users.","description_kind":"markdown","required":true},"users":{"type":["list",["object",{"created_at":"string","email":"string","id":"number","image_url":"string","name":"string","root_role":"string","username":"string"}]],"description":"Collection of users that match the provided query.","description_kind":"markdown","computed":true}},"description":"Retrieve a collection of users that match the provided query.","description_kind":"markdown"}}}}}}
